
Microsoft Visual Studio Solution File, Format Version 12.00
# Visual Studio Version 17
VisualStudioVersion = 17.6.33723.286
MinimumVisualStudioVersion = 10.0.40219.1
Project("{FAE04EC0-301F-11D3-BF4B-00C04F79EFBC}") = "FincialWebApp1", "FincialWebApp1\FincialWebApp1.csproj", "{9BD6422E-55B7-4CB9-9A8F-96804A6AAB57}"
EndProject
Global
	GlobalSection(SolutionConfigurationPlatforms) = preSolution
		Debug|Any CPU = Debug|Any CPU
		Release|Any CPU = Release|Any CPU
	EndGlobalSection
	GlobalSection(ProjectConfigurationPlatforms) = postSolution
		{9BD6422E-55B7-4CB9-9A8F-96804A6AAB57}.Debug|Any CPU.ActiveCfg = Debug|Any CPU
		{9BD6422E-55B7-4CB9-9A8F-96804A6AAB57}.Debug|Any CPU.Build.0 = Debug|Any CPU
		{9BD6422E-55B7-4CB9-9A8F-96804A6AAB57}.Release|Any CPU.ActiveCfg = Release|Any CPU
		{9BD6422E-55B7-4CB9-9A8F-96804A6AAB57}.Release|Any CPU.Build.0 = Release|Any CPU
	EndGlobalSection
	GlobalSection(SolutionProperties) = preSolution
		HideSolutionNode = FALSE
	EndGlobalSection
	GlobalSection(ExtensibilityGlobals) = postSolution
		SolutionGuid = {4616EBB5-F218-4793-9EBF-A3207D2B9A83}
	EndGlobalSection
EndGlobal
